
Microsoft Visual Studio Solution File, Format Version 12.00
# Visual Studio Version 16
VisualStudioVersion = 16.0.29926.136
MinimumVisualStudioVersion = 10.0.40219.1
Project("{FAE04EC0-301F-11D3-BF4B-00C04F79EFBC}") = "NonStandartRequests", "NonStandartRequests\NonStandartRequests.csproj", "{740F7111-4C3E-4AA0-B2F6-E895A0718A51}"
EndProject
Project("{FAE04EC0-301F-11D3-BF4B-00C04F79EFBC}") = "TranslationColumns", "TranslationColumns\TranslationColumns.csproj", "{5A46C697-A467-4F73-88DA-47AB9E3A23E4}"
EndProject
Global
	GlobalSection(SolutionConfigurationPlatforms) = preSolution
		Debug|Any CPU = Debug|Any CPU
		Release|Any CPU = Release|Any CPU
	EndGlobalSection
	GlobalSection(ProjectConfigurationPlatforms) = postSolution
		{740F7111-4C3E-4AA0-B2F6-E895A0718A51}.Debug|Any CPU.ActiveCfg = Debug|Any CPU
		{740F7111-4C3E-4AA0-B2F6-E895A0718A51}.Debug|Any CPU.Build.0 = Debug|Any CPU
		{740F7111-4C3E-4AA0-B2F6-E895A0718A51}.Release|Any CPU.ActiveCfg = Release|Any CPU
		{740F7111-4C3E-4AA0-B2F6-E895A0718A51}.Release|Any CPU.Build.0 = Release|Any CPU
		{5A46C697-A467-4F73-88DA-47AB9E3A23E4}.Debug|Any CPU.ActiveCfg = Debug|Any CPU
		{5A46C697-A467-4F73-88DA-47AB9E3A23E4}.Debug|Any CPU.Build.0 = Debug|Any CPU
		{5A46C697-A467-4F73-88DA-47AB9E3A23E4}.Release|Any CPU.ActiveCfg = Release|Any CPU
		{5A46C697-A467-4F73-88DA-47AB9E3A23E4}.Release|Any CPU.Build.0 = Release|Any CPU
	EndGlobalSection
	GlobalSection(SolutionProperties) = preSolution
		HideSolutionNode = FALSE
	EndGlobalSection
	GlobalSection(ExtensibilityGlobals) = postSolution
		SolutionGuid = {99D664AE-419E-4334-A85D-0EA4C8F98879}
	EndGlobalSection
EndGlobal
